
Microsoft Visual Studio Solution File, Format Version 12.00
# Visual Studio Version 17
VisualStudioVersion = 17.5.33627.172
MinimumVisualStudioVersion = 10.0.40219.1
Project("{9A19103F-16F7-4668-BE54-9A1E7A4F7556}") = "MyFirstApp", "firstapp\MyFirstApp.csproj", "{65941D8C-DE9E-40EB-8B8A-F2EBC22ED258}"
EndProject
Global
	GlobalSection(SolutionConfigurationPlatforms) = preSolution
		Debug|Any CPU = Debug|Any CPU
		Release|Any CPU = Release|Any CPU
	EndGlobalSection
	GlobalSection(ProjectConfigurationPlatforms) = postSolution
		{65941D8C-DE9E-40EB-8B8A-F2EBC22ED258}.Debug|Any CPU.ActiveCfg = Debug|Any CPU
		{65941D8C-DE9E-40EB-8B8A-F2EBC22ED258}.Debug|Any CPU.Build.0 = Debug|Any CPU
		{65941D8C-DE9E-40EB-8B8A-F2EBC22ED258}.Release|Any CPU.ActiveCfg = Release|Any CPU
		{65941D8C-DE9E-40EB-8B8A-F2EBC22ED258}.Release|Any CPU.Build.0 = Release|Any CPU
	EndGlobalSection
	GlobalSection(SolutionProperties) = preSolution
		HideSolutionNode = FALSE
	EndGlobalSection
	GlobalSection(ExtensibilityGlobals) = postSolution
		SolutionGuid = {D72B7988-490A-463F-8B9E-36C2561C29A1}
	EndGlobalSection
EndGlobal
